
Microsoft Visual Studio Solution File, Format Version 12.00
# Visual Studio Version 16
VisualStudioVersion = 16.0.29519.87
MinimumVisualStudioVersion = 10.0.40219.1
Project("{9A19103F-16F7-4668-BE54-9A1E7A4F7556}") = "Sortify", "Sortify.csproj", "{DDED1CB4-0AF8-43A2-ADA3-2F6451D30E10}"
EndProject
Project("{FAE04EC0-301F-11D3-BF4B-00C04F79EFBC}") = "Sortify.Tests", "..\Sortify.Tests\Sortify.Tests.csproj", "{E1A0BF9F-E877-44BC-BB59-2594232921C3}"
EndProject
Global
	GlobalSection(SolutionConfigurationPlatforms) = preSolution
		Debug|Any CPU = Debug|Any CPU
		Release|Any CPU = Release|Any CPU
	EndGlobalSection
	GlobalSection(ProjectConfigurationPlatforms) = postSolution
		{DDED1CB4-0AF8-43A2-ADA3-2F6451D30E10}.Debug|Any CPU.ActiveCfg = Debug|Any CPU
		{DDED1CB4-0AF8-43A2-ADA3-2F6451D30E10}.Debug|Any CPU.Build.0 = Debug|Any CPU
		{DDED1CB4-0AF8-43A2-ADA3-2F6451D30E10}.Release|Any CPU.ActiveCfg = Release|Any CPU
		{DDED1CB4-0AF8-43A2-ADA3-2F6451D30E10}.Release|Any CPU.Build.0 = Release|Any CPU
		{E1A0BF9F-E877-44BC-BB59-2594232921C3}.Debug|Any CPU.ActiveCfg = Debug|Any CPU
		{E1A0BF9F-E877-44BC-BB59-2594232921C3}.Debug|Any CPU.Build.0 = Debug|Any CPU
		{E1A0BF9F-E877-44BC-BB59-2594232921C3}.Release|Any CPU.ActiveCfg = Release|Any CPU
		{E1A0BF9F-E877-44BC-BB59-2594232921C3}.Release|Any CPU.Build.0 = Release|Any CPU
	EndGlobalSection
	GlobalSection(SolutionProperties) = preSolution
		HideSolutionNode = FALSE
	EndGlobalSection
	GlobalSection(ExtensibilityGlobals) = postSolution
		SolutionGuid = {AF57F21B-C5D7-469E-95EE-084DB1828BC5}
	EndGlobalSection
EndGlobal
